
Microsoft Visual Studio Solution File, Format Version 9.00
# Visual Studio 2005
Project("{FAE04EC0-301F-11D3-BF4B-00C04F79EFBC}") = "AzkarAlMuslim", "AzkarAlMuslim\AzkarAlMuslim.csproj", "{1AB61E7D-650A-4BB4-9337-8F6671DE53F8}"
EndProject
Project("{54435603-DBB4-11D2-8724-00A0C9A8B90C}") = "SetupAzkarAlMuslim", "SetupAzkarAlMuslim\SetupAzkarAlMuslim.vdproj", "{665D7B12-BCCD-4C86-8C2D-13B94DED0B15}"
EndProject
Global
	GlobalSection(SolutionConfigurationPlatforms) = preSolution
		Debug|Any CPU = Debug|Any CPU
		Release|Any CPU = Release|Any CPU
	EndGlobalSection
	GlobalSection(ProjectConfigurationPlatforms) = postSolution
		{1AB61E7D-650A-4BB4-9337-8F6671DE53F8}.Debug|Any CPU.ActiveCfg = Debug|Any CPU
		{1AB61E7D-650A-4BB4-9337-8F6671DE53F8}.Debug|Any CPU.Build.0 = Debug|Any CPU
		{1AB61E7D-650A-4BB4-9337-8F6671DE53F8}.Release|Any CPU.ActiveCfg = Release|Any CPU
		{1AB61E7D-650A-4BB4-9337-8F6671DE53F8}.Release|Any CPU.Build.0 = Release|Any CPU
		{665D7B12-BCCD-4C86-8C2D-13B94DED0B15}.Debug|Any CPU.ActiveCfg = Debug
		{665D7B12-BCCD-4C86-8C2D-13B94DED0B15}.Release|Any CPU.ActiveCfg = Release
	EndGlobalSection
	GlobalSection(SolutionProperties) = preSolution
		HideSolutionNode = FALSE
	EndGlobalSection
EndGlobal
